
Microsoft Visual Studio Solution File, Format Version 12.00
# Visual Studio Version 17
VisualStudioVersion = 17.14.36518.9 d17.14
MinimumVisualStudioVersion = 10.0.40219.1
Project("{FAE04EC0-301F-11D3-BF4B-00C04F79EFBC}") = "Recuperação", "Recuperação\Recuperação.csproj", "{D6B4DB0D-B4C2-4510-B695-B75F93C84B4D}"
EndProject
Global
	GlobalSection(SolutionConfigurationPlatforms) = preSolution
		Debug|Any CPU = Debug|Any CPU
		Release|Any CPU = Release|Any CPU
	EndGlobalSection
	GlobalSection(ProjectConfigurationPlatforms) = postSolution
		{D6B4DB0D-B4C2-4510-B695-B75F93C84B4D}.Debug|Any CPU.ActiveCfg = Debug|Any CPU
		{D6B4DB0D-B4C2-4510-B695-B75F93C84B4D}.Debug|Any CPU.Build.0 = Debug|Any CPU
		{D6B4DB0D-B4C2-4510-B695-B75F93C84B4D}.Release|Any CPU.ActiveCfg = Release|Any CPU
		{D6B4DB0D-B4C2-4510-B695-B75F93C84B4D}.Release|Any CPU.Build.0 = Release|Any CPU
	EndGlobalSection
	GlobalSection(SolutionProperties) = preSolution
		HideSolutionNode = FALSE
	EndGlobalSection
	GlobalSection(ExtensibilityGlobals) = postSolution
		SolutionGuid = {AC35812E-C277-44FA-98F2-93FBBFF471F9}
	EndGlobalSection
EndGlobal
